// !$*UTF8*$!
{
	archiveVersion = 1;
	classes = {
	};
	objectVersion = 50;
	objects = {

/* Begin PBXBuildFile section */
		D7ECD56720C220A500DA4CAF /* AppDelegate.swift in Sources */ = {isa = PBXBuildFile; fileRef = D7ECD56620C220A500DA4CAF /* AppDelegate.swift */; };
		D7ECD56920C220A500DA4CAF /* ViewController.swift in Sources */ = {isa = PBXBuildFile; fileRef = D7ECD56820C220A500DA4CAF /* ViewController.swift */; };
		D7ECD56C20C220A500DA4CAF /* Main.storyboard in Resources */ = {isa = PBXBuildFile; fileRef = D7ECD56A20C220A500DA4CAF /* Main.storyboard */; };
		D7ECD56E20C220A600DA4CAF /* Assets.xcassets in Resources */ = {isa = PBXBuildFile; fileRef = D7ECD56D20C220A600DA4CAF /* Assets.xcassets */; };
		D7ECD57120C220A600DA4CAF /* LaunchScreen.storyboard in Resources */ = {isa = PBXBuildFile; fileRef = D7ECD56F20C220A600DA4CAF /* LaunchScreen.storyboard */; };
		D7ECD57C20C220A700DA4CAF /* fristTests.swift in Sources */ = {isa = PBXBuildFile; fileRef = D7ECD57B20C220A700DA4CAF /* fristTests.swift */; };
		D7ECD58720C220A700DA4CAF /* fristUITests.swift in Sources */ = {isa = PBXBuildFile; fileRef = D7ECD58620C220A700DA4CAF /* fristUITests.swift */; };
/* End PBXBuildFile section */

/* Begin PBXContainerItemProxy section */
		D7ECD57820C220A600DA4CAF /* PBXContainerItemProxy */ = {
			isa = PBXContainerItemProxy;
			containerPortal = D7ECD55B20C220A500DA4CAF /* Project object */;
			proxyType = 1;
			remoteGlobalIDString = D7ECD56220C220A500DA4CAF;
			remoteInfo = frist;
		};
		D7ECD58320C220A700DA4CAF /* PBXContainerItemProxy */ = {
			isa = PBXContainerItemProxy;
			containerPortal = D7ECD55B20C220A500DA4CAF /* Project object */;
			proxyType = 1;
			remoteGlobalIDString = D7ECD56220C220A500DA4CAF;
			remoteInfo = frist;
		};
/* End PBXContainerItemProxy section */

/* Begin PBXFileReference section */
		D7ECD56320C220A500DA4CAF /* frist.app */ = {isa = PBXFileReference; explicitFileType = wrapper.application; includeInIndex = 0; path = frist.app; sourceTree = BUILT_PRODUCTS_DIR; };
		D7ECD56620C220A500DA4CAF /* AppDelegate.swift */ = {isa = PBXFileReference; lastKnownFileType = sourcecode.swift; path = AppDelegate.swift; sourceTree = "<group>"; };
		D7ECD56820C220A500DA4CAF /* ViewController.swift */ = {isa = PBXFileReference; lastKnownFileType = sourcecode.swift; path = ViewController.swift; sourceTree = "<group>"; };
		D7ECD56B20C220A500DA4CAF /* Base */ = {isa = PBXFileReference; lastKnownFileType = file.storyboard; name = Base; path = Base.lproj/Main.storyboard; sourceTree = "<group>"; };
		D7ECD56D20C220A600DA4CAF /* Assets.xcassets */ = {isa = PBXFileReference; lastKnownFileType = folder.assetcatalog; path = Assets.xcassets; sourceTree = "<group>"; };
		D7ECD57020C220A600DA4CAF /* Base */ = {isa = PBXFileReference; lastKnownFileType = file.storyboard; name = Base; path = Base.lproj/LaunchScreen.storyboard; sourceTree = "<group>"; };
		D7ECD57220C220A600DA4CAF /* Info.plist */ = {isa = PBXFileReference; lastKnownFileType = text.plist.xml; path = Info.plist; sourceTree = "<group>"; };
		D7ECD57720C220A600DA4CAF /* fristTests.xctest */ = {isa = PBXFileReference; explicitFileType = wrapper.cfbundle; includeInIndex = 0; path = fristTests.xctest; sourceTree = BUILT_PRODUCTS_DIR; };
		D7ECD57B20C220A700DA4CAF /* fristTests.swift */ = {isa = PBXFileReference; lastKnownFileType = sourcecode.swift; path = fristTests.swift; sourceTree = "<group>"; };
		D7ECD57D20C220A700DA4CAF /* Info.plist */ = {isa = PBXFileReference; lastKnownFileType = text.plist.xml; path = Info.plist; sourceTree = "<group>"; };
		D7ECD58220C220A700DA4CAF /* fristUITests.xctest */ = {isa = PBXFileReference; explicitFileType = wrapper.cfbundle; includeInIndex = 0; path = fristUITests.xctest; sourceTree = BUILT_PRODUCTS_DIR; };
		D7ECD58620C220A700DA4CAF /* fristUITests.swift */ = {isa = PBXFileReference; lastKnownFileType = sourcecode.swift; path = fristUITests.swift; sourceTree = "<group>"; };
		D7ECD58820C220A700DA4CAF /* Info.plist */ = {isa = PBXFileReference; lastKnownFileType = text.plist.xml; path = Info.plist; sourceTree = "<group>"; };
/* End PBXFileReference section */

/* Begin PBXFrameworksBuildPhase section */
		D7ECD56020C220A500DA4CAF /* Frameworks */ = {
			isa = PBXFrameworksBuildPhase;
			buildActionMask = 2147483647;
			files = (
			);
			runOnlyForDeploymentPostprocessing = 0;
		};
		D7ECD57420C220A600DA4CAF /* Frameworks */ = {
			isa = PBXFrameworksBuildPhase;
			buildActionMask = 2147483647;
			files = (
			);
			runOnlyForDeploymentPostprocessing = 0;
		};
		D7ECD57F20C220A700DA4CAF /* Frameworks */ = {
			isa = PBXFrameworksBuildPhase;
			buildActionMask = 2147483647;
			files = (
			);
			runOnlyForDeploymentPostprocessing = 0;
		};
/* End PBXFrameworksBuildPhase section */

/* Begin PBXGroup section */
		D7ECD55A20C220A500DA4CAF = {
			isa = PBXGroup;
			children = (
				D7ECD56520C220A500DA4CAF /* frist */,
				D7ECD57A20C220A700DA4CAF /* fristTests */,
				D7ECD58520C220A700DA4CAF /* fristUITests */,
				D7ECD56420C220A500DA4CAF /* Products */,
			);
			sourceTree = "<group>";
		};
		D7ECD56420C220A500DA4CAF /* Products */ = {
			isa = PBXGroup;
			children = (
				D7ECD56320C220A500DA4CAF /* frist.app */,
				D7ECD57720C220A600DA4CAF /* fristTests.xctest */,
				D7ECD58220C220A700DA4CAF /* fristUITests.xctest */,
			);
			name = Products;
			sourceTree = "<group>";
		};
		D7ECD56520C220A500DA4CAF /* frist */ = {
			isa = PBXGroup;
			children = (
				D7ECD56620C220A500DA4CAF /* AppDelegate.swift */,
				D7ECD56820C220A500DA4CAF /* ViewController.swift */,
				D7ECD56A20C220A500DA4CAF /* Main.storyboard */,
				D7ECD56D20C220A600DA4CAF /* Assets.xcassets */,
				D7ECD56F20C220A600DA4CAF /* LaunchScreen.storyboard */,
				D7ECD57220C220A600DA4CAF /* Info.plist */,
			);
			path = frist;
			sourceTree = "<group>";
		};
		D7ECD57A20C220A700DA4CAF /* fristTests */ = {
			isa = PBXGroup;
			children = (
				D7ECD57B20C220A700DA4CAF /* fristTests.swift */,
				D7ECD57D20C220A700DA4CAF /* Info.plist */,
			);
			path = fristTests;
			sourceTree = "<group>";
		};
		D7ECD58520C220A700DA4CAF /* fristUITests */ = {
			isa = PBXGroup;
			children = (
				D7ECD58620C220A700DA4CAF /* fristUITests.swift */,
				D7ECD58820C220A700DA4CAF /* Info.plist */,
			);
			path = fristUITests;
			sourceTree = "<group>";
		};
/* End PBXGroup section */

/* Begin PBXNativeTarget section */
		D7ECD56220C220A500DA4CAF /* frist */ = {
			isa = PBXNativeTarget;
			buildConfigurationList = D7ECD58B20C220A700DA4CAF /* Build configuration list for PBXNativeTarget "frist" */;
			buildPhases = (
				D7ECD55F20C220A500DA4CAF /* Sources */,
				D7ECD56020C220A500DA4CAF /* Frameworks */,
				D7ECD56120C220A500DA4CAF /* Resources */,
			);
			buildRules = (
			);
			dependencies = (
			);
			name = frist;
			productName = frist;
			productReference = D7ECD56320C220A500DA4CAF /* frist.app */;
			productType = "com.apple.product-type.application";
		};
		D7ECD57620C220A600DA4CAF /* fristTests */ = {
			isa = PBXNativeTarget;
			buildConfigurationList = D7ECD58E20C220A700DA4CAF /* Build configuration list for PBXNativeTarget "fristTests" */;
			buildPhases = (
				D7ECD57320C220A600DA4CAF /* Sources */,
				D7ECD57420C220A600DA4CAF /* Frameworks */,
				D7ECD57520C220A600DA4CAF /* Resources */,
			);
			buildRules = (
			);
			dependencies = (
				D7ECD57920C220A600DA4CAF /* PBXTargetDependency */,
			);
			name = fristTests;
			productName = fristTests;
			productReference = D7ECD57720C220A600DA4CAF /* fristTests.xctest */;
			productType = "com.apple.product-type.bundle.unit-test";
		};
		D7ECD58120C220A700DA4CAF /* fristUITests */ = {
			isa = PBXNativeTarget;
			buildConfigurationList = D7ECD59120C220A700DA4CAF /* Build configuration list for PBXNativeTarget "fristUITests" */;
			buildPhases = (
				D7ECD57E20C220A700DA4CAF /* Sources */,
				D7ECD57F20C220A700DA4CAF /* Frameworks */,
				D7ECD58020C220A700DA4CAF /* Resources */,
			);
			buildRules = (
			);
			dependencies = (
				D7ECD58420C220A700DA4CAF /* PBXTargetDependency */,
			);
			name = fristUITests;
			productName = fristUITests;
			productReference = D7ECD58220C220A700DA4CAF /* fristUITests.xctest */;
			productType = "com.apple.product-type.bundle.ui-testing";
		};
/* End PBXNativeTarget section */

/* Begin PBXProject section */
		D7ECD55B20C220A500DA4CAF /* Project object */ = {
			isa = PBXProject;
			attributes = {
				LastSwiftUpdateCheck = 0930;
				LastUpgradeCheck = 0930;
				ORGANIZATIONNAME = cuit;
				TargetAttributes = {
					D7ECD56220C220A500DA4CAF = {
						CreatedOnToolsVersion = 9.3.1;
					};
					D7ECD57620C220A600DA4CAF = {
						CreatedOnToolsVersion = 9.3.1;
						TestTargetID = D7ECD56220C220A500DA4CAF;
					};
					D7ECD58120C220A700DA4CAF = {
						CreatedOnToolsVersion = 9.3.1;
						TestTargetID = D7ECD56220C220A500DA4CAF;
					};
				};
			};
			buildConfigurationList = D7ECD55E20C220A500DA4CAF /* Build configuration list for PBXProject "frist" */;
			compatibilityVersion = "Xcode 9.3";
			developmentRegion = en;
			hasScannedForEncodings = 0;
			knownRegions = (
				en,
				Base,
			);
			mainGroup = D7ECD55A20C220A500DA4CAF;
			productRefGroup = D7ECD56420C220A500DA4CAF /* Products */;
			projectDirPath = "";
			projectRoot = "";
			targets = (
				D7ECD56220C220A500DA4CAF /* frist */,
				D7ECD57620C220A600DA4CAF /* fristTests */,
				D7ECD58120C220A700DA4CAF /* fristUITests */,
			);
		};
/* End PBXProject section */

/* Begin PBXResourcesBuildPhase section */
		D7ECD56120C220A500DA4CAF /* Resources */ = {
			isa = PBXResourcesBuildPhase;
			buildActionMask = 2147483647;
			files = (
				D7ECD57120C220A600DA4CAF /* LaunchScreen.storyboard in Resources */,
				D7ECD56E20C220A600DA4CAF /* Assets.xcassets in Resources */,
				D7ECD56C20C220A500DA4CAF /* Main.storyboard in Resources */,
			);
			runOnlyForDeploymentPostprocessing = 0;
		};
		D7ECD57520C220A600DA4CAF /* Resources */ = {
			isa = PBXResourcesBuildPhase;
			buildActionMask = 2147483647;
			files = (
			);
			runOnlyForDeploymentPostprocessing = 0;
		};
		D7ECD58020C220A700DA4CAF /* Resources */ = {
			isa = PBXResourcesBuildPhase;
			buildActionMask = 2147483647;
			files = (
			);
			runOnlyForDeploymentPostprocessing = 0;
		};
/* End PBXResourcesBuildPhase section */

/* Begin PBXSourcesBuildPhase section */
		D7ECD55F20C220A500DA4CAF /* Sources */ = {
			isa = PBXSourcesBuildPhase;
			buildActionMask = 2147483647;
			files = (
				D7ECD56920C220A500DA4CAF /* ViewController.swift in Sources */,
				D7ECD56720C220A500DA4CAF /* AppDelegate.swift in Sources */,
			);
			runOnlyForDeploymentPostprocessing = 0;
		};
		D7ECD57320C220A600DA4CAF /* Sources */ = {
			isa = PBXSourcesBuildPhase;
			buildActionMask = 2147483647;
			files = (
				D7ECD57C20C220A700DA4CAF /* fristTests.swift in Sources */,
			);
			runOnlyForDeploymentPostprocessing = 0;
		};
		D7ECD57E20C220A700DA4CAF /* Sources */ = {
			isa = PBXSourcesBuildPhase;
			buildActionMask = 2147483647;
			files = (
				D7ECD58720C220A700DA4CAF /* fristUITests.swift in Sources */,
			);
			runOnlyForDeploymentPostprocessing = 0;
		};
/* End PBXSourcesBuildPhase section */

/* Begin PBXTargetDependency section */
		D7ECD57920C220A600DA4CAF /* PBXTargetDependency */ = {
			isa = PBXTargetDependency;
			target = D7ECD56220C220A500DA4CAF /* frist */;
			targetProxy = D7ECD57820C220A600DA4CAF /* PBXContainerItemProxy */;
		};
		D7ECD58420C220A700DA4CAF /* PBXTargetDependency */ = {
			isa = PBXTargetDependency;
			target = D7ECD56220C220A500DA4CAF /* frist */;
			targetProxy = D7ECD58320C220A700DA4CAF /* PBXContainerItemProxy */;
		};
/* End PBXTargetDependency section */

/* Begin PBXVariantGroup section */
		D7ECD56A20C220A500DA4CAF /* Main.storyboard */ = {
			isa = PBXVariantGroup;
			children = (
				D7ECD56B20C220A500DA4CAF /* Base */,
			);
			name = Main.storyboard;
			sourceTree = "<group>";
		};
		D7ECD56F20C220A600DA4CAF /* LaunchScreen.storyboard */ = {
			isa = PBXVariantGroup;
			children = (
				D7ECD57020C220A600DA4CAF /* Base */,
			);
			name = LaunchScreen.storyboard;
			sourceTree = "<group>";
		};
/* End PBXVariantGroup section */

/* Begin XCBuildConfiguration section */
		D7ECD58920C220A700DA4CAF /* Debug */ = {
			isa = XCBuildConfiguration;
			buildSettings = {
				ALWAYS_SEARCH_USER_PATHS = NO;
				CLANG_ANALYZER_NONNULL = YES;
				CLANG_ANALYZER_NUMBER_OBJECT_CONVERSION = YES_AGGRESSIVE;
				CLANG_CXX_LANGUAGE_STANDARD = "gnu++14";
				CLANG_CXX_LIBRARY = "libc++";
				CLANG_ENABLE_MODULES = YES;
				CLANG_ENABLE_OBJC_ARC = YES;
				CLANG_ENABLE_OBJC_WEAK = YES;
				CLANG_WARN_BLOCK_CAPTURE_AUTORELEASING = YES;
				CLANG_WARN_BOOL_CONVERSION = YES;
				CLANG_WARN_COMMA = YES;
				CLANG_WARN_CONSTANT_CONVERSION = YES;
				CLANG_WARN_DEPRECATED_OBJC_IMPLEMENTATIONS = YES;
				CLANG_WARN_DIRECT_OBJC_ISA_USAGE = YES_ERROR;
				CLANG_WARN_DOCUMENTATION_COMMENTS = YES;
				CLANG_WARN_EMPTY_BODY = YES;
				CLANG_WARN_ENUM_CONVERSION = YES;
				CLANG_WARN_INFINITE_RECURSION = YES;
				CLANG_WARN_INT_CONVERSION = YES;
				CLANG_WARN_NON_LITERAL_NULL_CONVERSION = YES;
				CLANG_WARN_OBJC_IMPLICIT_RETAIN_SELF = YES;
				CLANG_WARN_OBJC_LITERAL_CONVERSION = YES;
				CLANG_WARN_OBJC_ROOT_CLASS = YES_ERROR;
				CLANG_WARN_RANGE_LOOP_ANALYSIS = YES;
				CLANG_WARN_STRICT_PROTOTYPES = YES;
				CLANG_WARN_SUSPICIOUS_MOVE = YES;
				CLANG_WARN_UNGUARDED_AVAILABILITY = YES_AGGRESSIVE;
				CLANG_WARN_UNREACHABLE_CODE = YES;
				CLANG_WARN__DUPLICATE_METHOD_MATCH = YES;
				CODE_SIGN_IDENTITY = "iPhone Developer";
				COPY_PHASE_STRIP = NO;
				DEBUG_INFORMATION_FORMAT = dwarf;
				ENABLE_STRICT_OBJC_MSGSEND = YES;
				ENABLE_TESTABILITY = YES;
				GCC_C_LANGUAGE_STANDARD = gnu11;
				GCC_DYNAMIC_NO_PIC = NO;
				GCC_NO_COMMON_BLOCKS = YES;
				GCC_OPTIMIZATION_LEVEL = 0;
				GCC_PREPROCESSOR_DEFINITIONS = (
					"DEBUG=1",
					"$(inherited)",
				);
				GCC_WARN_64_TO_32_BIT_CONVERSION = YES;
				GCC_WARN_ABOUT_RETURN_TYPE = YES_ERROR;
				GCC_WARN_UNDECLARED_SELECTOR = YES;
				GCC_WARN_UNINITIALIZED_AUTOS = YES_AGGRESSIVE;
				GCC_WARN_UNUSED_FUNCTION = YES;
				GCC_WARN_UNUSED_VARIABLE = YES;
				IPHONEOS_DEPLOYMENT_TARGET = 11.3;
				MTL_ENABLE_DEBUG_INFO = YES;
				ONLY_ACTIVE_ARCH = YES;
				SDKROOT = iphoneos;
				SWIFT_ACTIVE_COMPILATION_CONDITIONS = DEBUG;
				SWIFT_OPTIMIZATION_LEVEL = "-Onone";
			};
			name = Debug;
		};
		D7ECD58A20C220A700DA4CAF /* Release */ = {
			isa = XCBuildConfiguration;
			buildSettings = {
				ALWAYS_SEARCH_USER_PATHS = NO;
				CLANG_ANALYZER_NONNULL = YES;
				CLANG_ANALYZER_NUMBER_OBJECT_CONVERSION = YES_AGGRESSIVE;
				CLANG_CXX_LANGUAGE_STANDARD = "gnu++14";
				CLANG_CXX_LIBRARY = "libc++";
				CLANG_ENABLE_MODULES = YES;
				CLANG_ENABLE_OBJC_ARC = YES;
				CLANG_ENABLE_OBJC_WEAK = YES;
				CLANG_WARN_BLOCK_CAPTURE_AUTORELEASING = YES;
				CLANG_WARN_BOOL_CONVERSION = YES;
				CLANG_WARN_COMMA = YES;
				CLANG_WARN_CONSTANT_CONVERSION = YES;
				CLANG_WARN_DEPRECATED_OBJC_IMPLEMENTATIONS = YES;
				CLANG_WARN_DIRECT_OBJC_ISA_USAGE = YES_ERROR;
				CLANG_WARN_DOCUMENTATION_COMMENTS = YES;
				CLANG_WARN_EMPTY_BODY = YES;
				CLANG_WARN_ENUM_CONVERSION = YES;
				CLANG_WARN_INFINITE_RECURSION = YES;
				CLANG_WARN_INT_CONVERSION = YES;
				CLANG_WARN_NON_LITERAL_NULL_CONVERSION = YES;
				CLANG_WARN_OBJC_IMPLICIT_RETAIN_SELF = YES;
				CLANG_WARN_OBJC_LITERAL_CONVERSION = YES;
				CLANG_WARN_OBJC_ROOT_CLASS = YES_ERROR;
				CLANG_WARN_RANGE_LOOP_ANALYSIS = YES;
				CLANG_WARN_STRICT_PROTOTYPES = YES;
				CLANG_WARN_SUSPICIOUS_MOVE = YES;
				CLANG_WARN_UNGUARDED_AVAILABILITY = YES_AGGRESSIVE;
				CLANG_WARN_UNREACHABLE_CODE = YES;
				CLANG_WARN__DUPLICATE_METHOD_MATCH = YES;
				CODE_SIGN_IDENTITY = "iPhone Developer";
				COPY_PHASE_STRIP = NO;
				DEBUG_INFORMATION_FORMAT = "dwarf-with-dsym";
				ENABLE_NS_ASSERTIONS = NO;
				ENABLE_STRICT_OBJC_MSGSEND = YES;
				GCC_C_LANGUAGE_STANDARD = gnu11;
				GCC_NO_COMMON_BLOCKS = YES;
				GCC_WARN_64_TO_32_BIT_CONVERSION = YES;
				GCC_WARN_ABOUT_RETURN_TYPE = YES_ERROR;
				GCC_WARN_UNDECLARED_SELECTOR = YES;
				GCC_WARN_UNINITIALIZED_AUTOS = YES_AGGRESSIVE;
				GCC_WARN_UNUSED_FUNCTION = YES;
				GCC_WARN_UNUSED_VARIABLE = YES;
				IPHONEOS_DEPLOYMENT_TARGET = 11.3;
				MTL_ENABLE_DEBUG_INFO = NO;
				SDKROOT = iphoneos;
				SWIFT_COMPILATION_MODE = wholemodule;
				SWIFT_OPTIMIZATION_LEVEL = "-O";
				VALIDATE_PRODUCT = YES;
			};
			name = Release;
		};
		D7ECD58C20C220A700DA4CAF /* Debug */ = {
			isa = XCBuildConfiguration;
			buildSettings = {
				ASSETCATALOG_COMPILER_APPICON_NAME = AppIcon;
				CODE_SIGN_STYLE = Automatic;
				INFOPLIST_FILE = frist/Info.plist;
				LD_RUNPATH_SEARCH_PATHS = (
					"$(inherited)",
					"@executable_path/Frameworks",
				);
				PRODUCT_BUNDLE_IDENTIFIER = com.cuit.frist;
				PRODUCT_NAME = "$(TARGET_NAME)";
				SWIFT_VERSION = 4.0;
				TARGETED_DEVICE_FAMILY = "1,2";
			};
			name = Debug;
		};
		D7ECD58D20C220A700DA4CAF /* Release */ = {
			isa = XCBuildConfiguration;
			buildSettings = {
				ASSETCATALOG_COMPILER_APPICON_NAME = AppIcon;
				CODE_SIGN_STYLE = Automatic;
				INFOPLIST_FILE = frist/Info.plist;
				LD_RUNPATH_SEARCH_PATHS = (
					"$(inherited)",
					"@executable_path/Frameworks",
				);
				PRODUCT_BUNDLE_IDENTIFIER = com.cuit.frist;
				PRODUCT_NAME = "$(TARGET_NAME)";
				SWIFT_VERSION = 4.0;
				TARGETED_DEVICE_FAMILY = "1,2";
			};
			name = Release;
		};
		D7ECD58F20C220A700DA4CAF /* Debug */ = {
			isa = XCBuildConfiguration;
			buildSettings = {
				ALWAYS_EMBED_SWIFT_STANDARD_LIBRARIES = YES;
				BUNDLE_LOADER = "$(TEST_HOST)";
				CODE_SIGN_STYLE = Automatic;
				INFOPLIST_FILE = fristTests/Info.plist;
				LD_RUNPATH_SEARCH_PATHS = (
					"$(inherited)",
					"@executable_path/Frameworks",
					"@loader_path/Frameworks",
				);
				PRODUCT_BUNDLE_IDENTIFIER = com.cuit.fristTests;
				PRODUCT_NAME = "$(TARGET_NAME)";
				SWIFT_VERSION = 4.0;
				TARGETED_DEVICE_FAMILY = "1,2";
				TEST_HOST = "$(BUILT_PRODUCTS_DIR)/frist.app/frist";
			};
			name = Debug;
		};
		D7ECD59020C220A700DA4CAF /* Release */ = {
			isa = XCBuildConfiguration;
			buildSettings = {
				ALWAYS_EMBED_SWIFT_STANDARD_LIBRARIES = YES;
				BUNDLE_LOADER = "$(TEST_HOST)";
				CODE_SIGN_STYLE = Automatic;
				INFOPLIST_FILE = fristTests/Info.plist;
				LD_RUNPATH_SEARCH_PATHS = (
					"$(inherited)",
					"@executable_path/Frameworks",
					"@loader_path/Frameworks",
				);
				PRODUCT_BUNDLE_IDENTIFIER = com.cuit.fristTests;
				PRODUCT_NAME = "$(TARGET_NAME)";
				SWIFT_VERSION = 4.0;
				TARGETED_DEVICE_FAMILY = "1,2";
				TEST_HOST = "$(BUILT_PRODUCTS_DIR)/frist.app/frist";
			};
			name = Release;
		};
		D7ECD59220C220A700DA4CAF /* Debug */ = {
			isa = XCBuildConfiguration;
			buildSettings = {
				ALWAYS_EMBED_SWIFT_STANDARD_LIBRARIES = YES;
				CODE_SIGN_STYLE = Automatic;
				INFOPLIST_FILE = fristUITests/Info.plist;
				LD_RUNPATH_SEARCH_PATHS = (
					"$(inherited)",
					"@executable_path/Frameworks",
					"@loader_path/Frameworks",
				);
				PRODUCT_BUNDLE_IDENTIFIER = com.cuit.fristUITests;
				PRODUCT_NAME = "$(TARGET_NAME)";
				SWIFT_VERSION = 4.0;
				TARGETED_DEVICE_FAMILY = "1,2";
				TEST_TARGET_NAME = frist;
			};
			name = Debug;
		};
		D7ECD59320C220A700DA4CAF /* Release */ = {
			isa = XCBuildConfiguration;
			buildSettings = {
				ALWAYS_EMBED_SWIFT_STANDARD_LIBRARIES = YES;
				CODE_SIGN_STYLE = Automatic;
				INFOPLIST_FILE = fristUITests/Info.plist;
				LD_RUNPATH_SEARCH_PATHS = (
					"$(inherited)",
					"@executable_path/Frameworks",
					"@loader_path/Frameworks",
				);
				PRODUCT_BUNDLE_IDENTIFIER = com.cuit.fristUITests;
				PRODUCT_NAME = "$(TARGET_NAME)";
				SWIFT_VERSION = 4.0;
				TARGETED_DEVICE_FAMILY = "1,2";
				TEST_TARGET_NAME = frist;
			};
			name = Release;
		};
/* End XCBuildConfiguration section */

/* Begin XCConfigurationList section */
		D7ECD55E20C220A500DA4CAF /* Build configuration list for PBXProject "frist" */ = {
			isa = XCConfigurationList;
			buildConfigurations = (
				D7ECD58920C220A700DA4CAF /* Debug */,
				D7ECD58A20C220A700DA4CAF /* Release */,
			);
			defaultConfigurationIsVisible = 0;
			defaultConfigurationName = Release;
		};
		D7ECD58B20C220A700DA4CAF /* Build configuration list for PBXNativeTarget "frist" */ = {
			isa = XCConfigurationList;
			buildConfigurations = (
				D7ECD58C20C220A700DA4CAF /* Debug */,
				D7ECD58D20C220A700DA4CAF /* Release */,
			);
			defaultConfigurationIsVisible = 0;
			defaultConfigurationName = Release;
		};
		D7ECD58E20C220A700DA4CAF /* Build configuration list for PBXNativeTarget "fristTests" */ = {
			isa = XCConfigurationList;
			buildConfigurations = (
				D7ECD58F20C220A700DA4CAF /* Debug */,
				D7ECD59020C220A700DA4CAF /* Release */,
			);
			defaultConfigurationIsVisible = 0;
			defaultConfigurationName = Release;
		};
		D7ECD59120C220A700DA4CAF /* Build configuration list for PBXNativeTarget "fristUITests" */ = {
			isa = XCConfigurationList;
			buildConfigurations = (
				D7ECD59220C220A700DA4CAF /* Debug */,
				D7ECD59320C220A700DA4CAF /* Release */,
			);
			defaultConfigurationIsVisible = 0;
			defaultConfigurationName = Release;
		};
/* End XCConfigurationList section */
	};
	rootObject = D7ECD55B20C220A500DA4CAF /* Project object */;
}
